{
  "name": "medical-followup-tests",
  "version": "1.0.0",
  "lockfileVersion": 3,
  "requires": true,
  "packages": {
    "": {
      "name": "medical-followup-tests",
      "version": "1.0.0",
      "devDependencies": {
        "fake-indexeddb": "^5.0.0"
      }
    },
    "node_modules/fake-indexeddb": {
      "version": "5.0.2",
      "resolved": "https://registry.npmjs.org/fake-indexeddb/-/fake-indexeddb-5.0.2.tgz",
      "integrity": "sha512-cB507r5T3D55DfclY01GLkninZLfU7HXV/mhVRTnTRm5k2u+fY7Fof2dBkr80p5t7G7dlA/G5dI87QiMdPpMCQ==",
      "dev": true,
      "license": "Apache-2.0",
      "engines": {
        "node": ">=18"
      }
    }
  }
}
